{
   "modules" : {
      "Capture::Tiny" : {
         "dist" : "Capture-Tiny-0.17",
         "module" : "Capture::Tiny",
         "mymeta" : {
            "abstract" : "Capture STDOUT and STDERR from Perl, XS or external programs",
            "author" : [
               "David Golden <dagolden@cpan.org>"
            ],
            "dynamic_config" : 0,
            "generated_by" : "Dist::Zilla version 4.300005, CPAN::Meta::Converter version 2.120351, CPAN::Meta::Converter version 2.112150",
            "license" : [
               "apache_2_0"
            ],
            "meta-spec" : {
               "url" : "http://search.cpan.org/perldoc?CPAN::Meta::Spec",
               "version" : "2"
            },
            "name" : "Capture-Tiny",
            "no_index" : {
               "directory" : [
                  "t",
                  "xt",
                  "examples",
                  "corpus"
               ],
               "package" : [
                  "DB"
               ]
            },
            "prereqs" : {
               "build" : {
                  "requires" : {
                     "Config" : 0,
                     "File::Find" : 0,
                     "IO::File" : 0,
                     "Test::More" : "0.62"
                  }
               },
               "configure" : {
                  "requires" : {
                     "ExtUtils::MakeMaker" : "6.30"
                  }
               },
               "runtime" : {
                  "requires" : {
                     "Carp" : 0,
                     "Exporter" : 0,
                     "File::Spec" : 0,
                     "File::Temp" : 0,
                     "IO::Handle" : 0,
                     "Scalar::Util" : 0,
                     "strict" : 0,
                     "warnings" : 0
                  }
               }
            },
            "provides" : {
               "Capture::Tiny" : {
                  "file" : "lib/Capture/Tiny.pm",
                  "version" : "0.17"
               }
            },
            "release_status" : "stable",
            "resources" : {
               "bugtracker" : {
                  "web" : "http://rt.cpan.org/Public/Dist/Display.html?Name=Capture-Tiny"
               },
               "homepage" : "https://github.com/dagolden/capture-tiny",
               "repository" : {
                  "url" : "https://github.com/dagolden/capture-tiny.git"
               }
            },
            "version" : "0.17"
         },
         "name" : "Capture::Tiny",
         "pathname" : "D/DA/DAGOLDEN/Capture-Tiny-0.17.tar.gz",
         "provides" : {
            "Capture::Tiny" : {
               "file" : "Capture/Tiny.pm",
               "version" : "0.17"
            }
         },
         "version" : "0.17"
      },
      "DBI" : {
         "dist" : "DBI-1.618",
         "module" : "DBI",
         "mymeta" : {
            "abstract" : "Database independent interface for Perl",
            "author" : [
               "Tim Bunce (dbi-users@perl.org)"
            ],
            "dynamic_config" : 0,
            "generated_by" : "ExtUtils::MakeMaker version 6.56, CPAN::Meta::Converter version 2.112150",
            "license" : [
               "perl_5"
            ],
            "meta-spec" : {
               "url" : "http://search.cpan.org/perldoc?CPAN::Meta::Spec",
               "version" : "2"
            },
            "name" : "DBI",
            "no_index" : {
               "directory" : [
                  "t",
                  "inc"
               ]
            },
            "prereqs" : {
               "build" : {
                  "requires" : {
                     "ExtUtils::MakeMaker" : "6.48",
                     "Test::Simple" : "0.90"
                  }
               },
               "configure" : {
                  "requires" : {
                     "ExtUtils::MakeMaker" : 0
                  }
               },
               "runtime" : {
                  "conflicts" : {
                     "DBD::AnyData" : "0.09",
                     "DBD::CSV" : "0.29",
                     "DBD::PO" : "2.10",
                     "DBD::RAM" : "0.072",
                     "SQL::Statement" : "1.27"
                  },
                  "recommends" : {
                     "Clone" : "0.31",
                     "DB_File" : 0,
                     "MLDBM" : 0,
                     "Net::Daemon" : 0,
                     "RPC::PlServer" : "0.2001",
                     "SQL::Statement" : "1.28"
                  },
                  "requires" : {
                     "perl" : "5.008"
                  }
               }
            },
            "release_status" : "stable",
            "resources" : {
               "homepage" : "http://dbi.perl.org/",
               "license" : [
                  "http://dev.perl.org/licenses/"
               ],
               "repository" : {
                  "url" : "https://svn.perl.org/modules/dbi/trunk/"
               },
               "x_MailingList" : "mailto:dbi-dev@perl.org"
            },
            "version" : "1.618"
         },
         "name" : "DBI",
         "pathname" : "T/TI/TIMB/DBI-1.618.tar.gz",
         "provides" : {
            "Bundle::DBI" : {
               "file" : "Bundle/DBI.pm",
               "version" : "12.008695"
            },
            "DBD::DBM" : {
               "file" : "DBD/DBM.pm",
               "version" : "0.06"
            },
            "DBD::DBM::Statement" : {
               "file" : "DBD/DBM.pm"
            },
            "DBD::DBM::Table" : {
               "file" : "DBD/DBM.pm"
            },
            "DBD::DBM::db" : {
               "file" : "DBD/DBM.pm"
            },
            "DBD::DBM::dr" : {
               "file" : "DBD/DBM.pm"
            },
            "DBD::DBM::st" : {
               "file" : "DBD/DBM.pm"
            },
            "DBD::ExampleP" : {
               "file" : "DBD/ExampleP.pm",
               "version" : "12.014310"
            },
            "DBD::ExampleP::db" : {
               "file" : "DBD/ExampleP.pm"
            },
            "DBD::ExampleP::dr" : {
               "file" : "DBD/ExampleP.pm"
            },
            "DBD::ExampleP::st" : {
               "file" : "DBD/ExampleP.pm"
            },
            "DBD::File" : {
               "file" : "DBD/File.pm",
               "version" : "0.40"
            },
            "DBD::File::Statement" : {
               "file" : "DBD/File.pm"
            },
            "DBD::File::Table" : {
               "file" : "DBD/File.pm"
            },
            "DBD::File::TieMeta" : {
               "file" : "DBD/File.pm"
            },
            "DBD::File::TieTables" : {
               "file" : "DBD/File.pm"
            },
            "DBD::File::db" : {
               "file" : "DBD/File.pm"
            },
            "DBD::File::dr" : {
               "file" : "DBD/File.pm"
            },
            "DBD::File::st" : {
               "file" : "DBD/File.pm"
            },
            "DBD::Gofer" : {
               "file" : "DBD/Gofer.pm",
               "version" : "0.015057"
            },
            "DBD::Gofer::Policy::Base" : {
               "file" : "DBD/Gofer/Policy/Base.pm",
               "version" : "0.010087"
            },
            "DBD::Gofer::Policy::classic" : {
               "file" : "DBD/Gofer/Policy/classic.pm",
               "version" : "0.010087"
            },
            "DBD::Gofer::Policy::pedantic" : {
               "file" : "DBD/Gofer/Policy/pedantic.pm",
               "version" : "0.010087"
            },
            "DBD::Gofer::Policy::rush" : {
               "file" : "DBD/Gofer/Policy/rush.pm",
               "version" : "0.010087"
            },
            "DBD::Gofer::Transport::Base" : {
               "file" : "DBD/Gofer/Transport/Base.pm",
               "version" : "0.014120"
            },
            "DBD::Gofer::Transport::corostream" : {
               "file" : "DBD/Gofer/Transport/corostream.pm"
            },
            "DBD::Gofer::Transport::null" : {
               "file" : "DBD/Gofer/Transport/null.pm",
               "version" : "0.010087"
            },
            "DBD::Gofer::Transport::pipeone" : {
               "file" : "DBD/Gofer/Transport/pipeone.pm",
               "version" : "0.010087"
            },
            "DBD::Gofer::Transport::stream" : {
               "file" : "DBD/Gofer/Transport/stream.pm",
               "version" : "0.014598"
            },
            "DBD::Gofer::db" : {
               "file" : "DBD/Gofer.pm"
            },
            "DBD::Gofer::dr" : {
               "file" : "DBD/Gofer.pm"
            },
            "DBD::Gofer::st" : {
               "file" : "DBD/Gofer.pm"
            },
            "DBD::NullP" : {
               "file" : "DBD/NullP.pm",
               "version" : "12.014714"
            },
            "DBD::NullP::db" : {
               "file" : "DBD/NullP.pm"
            },
            "DBD::NullP::dr" : {
               "file" : "DBD/NullP.pm"
            },
            "DBD::NullP::st" : {
               "file" : "DBD/NullP.pm"
            },
            "DBD::Proxy" : {
               "file" : "DBD/Proxy.pm",
               "version" : "0.2004"
            },
            "DBD::Proxy::RPC::PlClient" : {
               "file" : "DBD/Proxy.pm"
            },
            "DBD::Proxy::db" : {
               "file" : "DBD/Proxy.pm"
            },
            "DBD::Proxy::dr" : {
               "file" : "DBD/Proxy.pm"
            },
            "DBD::Proxy::st" : {
               "file" : "DBD/Proxy.pm"
            },
            "DBD::Sponge" : {
               "file" : "DBD/Sponge.pm",
               "version" : "12.010002"
            },
            "DBD::Sponge::db" : {
               "file" : "DBD/Sponge.pm"
            },
            "DBD::Sponge::dr" : {
               "file" : "DBD/Sponge.pm"
            },
            "DBD::Sponge::st" : {
               "file" : "DBD/Sponge.pm"
            },
            "DBDI" : {
               "file" : "DBI/DBD.pm"
            },
            "DBI" : {
               "file" : "DBI.pm",
               "version" : "1.618"
            },
            "DBI::Const::GetInfo::ANSI" : {
               "file" : "DBI/Const/GetInfo/ANSI.pm",
               "version" : "2.008696"
            },
            "DBI::Const::GetInfo::ODBC" : {
               "file" : "DBI/Const/GetInfo/ODBC.pm",
               "version" : "2.011373"
            },
            "DBI::Const::GetInfoReturn" : {
               "file" : "DBI/Const/GetInfoReturn.pm",
               "version" : "2.008696"
            },
            "DBI::Const::GetInfoType" : {
               "file" : "DBI/Const/GetInfoType.pm",
               "version" : "2.008696"
            },
            "DBI::DBD" : {
               "file" : "DBI/DBD.pm",
               "version" : "12.015128"
            },
            "DBI::DBD::Metadata" : {
               "file" : "DBI/DBD/Metadata.pm",
               "version" : "2.014213"
            },
            "DBI::DBD::SqlEngine" : {
               "file" : "DBI/DBD/SqlEngine.pm",
               "version" : "0.03"
            },
            "DBI::DBD::SqlEngine::Statement" : {
               "file" : "DBI/DBD/SqlEngine.pm"
            },
            "DBI::DBD::SqlEngine::Table" : {
               "file" : "DBI/DBD/SqlEngine.pm"
            },
            "DBI::DBD::SqlEngine::db" : {
               "file" : "DBI/DBD/SqlEngine.pm"
            },
            "DBI::DBD::SqlEngine::dr" : {
               "file" : "DBI/DBD/SqlEngine.pm"
            },
            "DBI::DBD::SqlEngine::st" : {
               "file" : "DBI/DBD/SqlEngine.pm"
            },
            "DBI::FAQ" : {
               "file" : "DBI/FAQ.pm",
               "version" : "1.014934"
            },
            "DBI::Gofer::Execute" : {
               "file" : "DBI/Gofer/Execute.pm",
               "version" : "0.014282"
            },
            "DBI::Gofer::Request" : {
               "file" : "DBI/Gofer/Request.pm",
               "version" : "0.012536"
            },
            "DBI::Gofer::Response" : {
               "file" : "DBI/Gofer/Response.pm",
               "version" : "0.011565"
            },
            "DBI::Gofer::Serializer::Base" : {
               "file" : "DBI/Gofer/Serializer/Base.pm",
               "version" : "0.009949"
            },
            "DBI::Gofer::Serializer::DataDumper" : {
               "file" : "DBI/Gofer/Serializer/DataDumper.pm",
               "version" : "0.009949"
            },
            "DBI::Gofer::Serializer::Storable" : {
               "file" : "DBI/Gofer/Serializer/Storable.pm",
               "version" : "0.009949"
            },
            "DBI::Gofer::Transport::Base" : {
               "file" : "DBI/Gofer/Transport/Base.pm",
               "version" : "0.012536"
            },
            "DBI::Gofer::Transport::pipeone" : {
               "file" : "DBI/Gofer/Transport/pipeone.pm",
               "version" : "0.012536"
            },
            "DBI::Gofer::Transport::stream" : {
               "file" : "DBI/Gofer/Transport/stream.pm",
               "version" : "0.012536"
            },
            "DBI::Profile" : {
               "file" : "DBI/Profile.pm",
               "version" : "2.015064"
            },
            "DBI::ProfileData" : {
               "file" : "DBI/ProfileData.pm",
               "version" : "2.010007"
            },
            "DBI::ProfileDumper" : {
               "file" : "DBI/ProfileDumper.pm",
               "version" : "2.013956"
            },
            "DBI::ProfileDumper::Apache" : {
               "file" : "DBI/ProfileDumper/Apache.pm",
               "version" : "2.014120"
            },
            "DBI::ProfileSubs" : {
               "file" : "DBI/ProfileSubs.pm",
               "version" : "0.009395"
            },
            "DBI::ProxyServer" : {
               "file" : "DBI/ProxyServer.pm",
               "version" : "0.3005"
            },
            "DBI::ProxyServer::db" : {
               "file" : "DBI/ProxyServer.pm"
            },
            "DBI::ProxyServer::dr" : {
               "file" : "DBI/ProxyServer.pm"
            },
            "DBI::ProxyServer::st" : {
               "file" : "DBI/ProxyServer.pm"
            },
            "DBI::PurePerl" : {
               "file" : "DBI/PurePerl.pm",
               "version" : "2.014285"
            },
            "DBI::SQL::Nano" : {
               "file" : "DBI/SQL/Nano.pm",
               "version" : "1.014600"
            },
            "DBI::SQL::Nano::Statement_" : {
               "file" : "DBI/SQL/Nano.pm"
            },
            "DBI::SQL::Nano::Table_" : {
               "file" : "DBI/SQL/Nano.pm"
            },
            "DBI::Util::CacheMemory" : {
               "file" : "DBI/Util/CacheMemory.pm",
               "version" : "0.010314"
            },
            "DBI::common" : {
               "file" : "DBI.pm"
            }
         },
         "version" : "1.618"
      },
      "DBIx::QueryLog" : {
         "dist" : "DBIx-QueryLog-0.27",
         "module" : "DBIx::QueryLog",
         "mymeta" : {
            "abstract" : "Logging queries for DBI",
            "author" : [
               "xaicron <xaicron {at} cpan.org>"
            ],
            "dynamic_config" : 0,
            "generated_by" : "Module::Install version 1.06, CPAN::Meta::Converter version 2.112150",
            "license" : [
               "perl_5"
            ],
            "meta-spec" : {
               "url" : "http://search.cpan.org/perldoc?CPAN::Meta::Spec",
               "version" : "2"
            },
            "name" : "DBIx-QueryLog",
            "no_index" : {
               "directory" : [
                  "inc",
                  "t",
                  "xt"
               ]
            },
            "prereqs" : {
               "build" : {
                  "requires" : {
                     "ExtUtils::MakeMaker" : "6.59",
                     "Test::More" : "0.96",
                     "Test::Requires" : 0
                  }
               },
               "configure" : {
                  "requires" : {
                     "ExtUtils::MakeMaker" : "6.59"
                  }
               },
               "runtime" : {
                  "recommends" : {
                     "DBD::mysql" : 0,
                     "DBD::sqlite" : 0,
                     "Text::ASCIITable" : 0
                  },
                  "requires" : {
                     "DBI" : 0,
                     "perl" : "5.008001"
                  }
               }
            },
            "release_status" : "stable",
            "resources" : {
               "bugtracker" : {
                  "web" : "https://github.com/xaicron/p5-DBIx-QueryLog/issues"
               },
               "license" : [
                  "http://dev.perl.org/licenses/"
               ],
               "repository" : {
                  "url" : "https://github.com/xaicron/p5-DBIx-QueryLog"
               }
            },
            "version" : "0.27"
         },
         "name" : "DBIx::QueryLog",
         "pathname" : "X/XA/XAICRON/DBIx-QueryLog-0.27.tar.gz",
         "provides" : {
            "DBIx::QueryLog" : {
               "file" : "DBIx/QueryLog.pm",
               "version" : "0.27"
            }
         },
         "version" : "0.27"
      },
      "Data::MessagePack" : {
         "dist" : "Data-MessagePack-0.39",
         "module" : "Data::MessagePack",
         "mymeta" : {
            "abstract" : "MessagePack serialising/deserialising",
            "author" : [
               "Tokuhiro Matsuno"
            ],
            "dynamic_config" : 0,
            "generated_by" : "Module::Install version 1.04, CPAN::Meta::Converter version 2.112150",
            "license" : [
               "perl_5"
            ],
            "meta-spec" : {
               "url" : "http://search.cpan.org/perldoc?CPAN::Meta::Spec",
               "version" : "2"
            },
            "name" : "Data-MessagePack",
            "no_index" : {
               "directory" : [
                  "inc",
                  "t",
                  "xt"
               ]
            },
            "prereqs" : {
               "build" : {
                  "requires" : {
                     "Devel::PPPort" : "3.19",
                     "ExtUtils::MakeMaker" : "6.62",
                     "ExtUtils::ParseXS" : "2.21",
                     "Test::More" : "0.94",
                     "Test::Requires" : 0
                  }
               },
               "configure" : {
                  "requires" : {
                     "Devel::PPPort" : "3.19",
                     "ExtUtils::MakeMaker" : "6.62",
                     "ExtUtils::ParseXS" : "2.21"
                  }
               },
               "runtime" : {
                  "requires" : {
                     "XSLoader" : "0.02",
                     "perl" : "5.008001"
                  }
               }
            },
            "release_status" : "stable",
            "resources" : {
               "license" : [
                  "http://dev.perl.org/licenses/"
               ],
               "repository" : {
                  "url" : "http://github.com/msgpack/msgpack-perl"
               }
            },
            "version" : "0.39"
         },
         "name" : "Data::MessagePack",
         "pathname" : "G/GF/GFUJI/Data-MessagePack-0.39.tar.gz",
         "provides" : {
            "Data::MessagePack" : {
               "file" : "Data/MessagePack.pm",
               "version" : "0.39"
            },
            "Data::MessagePack::Boolean" : {
               "file" : "Data/MessagePack/Boolean.pm"
            },
            "Data::MessagePack::PP" : {
               "file" : "Data/MessagePack/PP.pm"
            }
         },
         "version" : "0.39"
      },
      "ExtUtils::MakeMaker" : {
         "dist" : "ExtUtils-MakeMaker-6.62",
         "module" : "ExtUtils::MakeMaker",
         "mymeta" : {
            "abstract" : "Create a module Makefile",
            "author" : [
               "Michael G Schwern <schwern@pobox.com>"
            ],
            "dynamic_config" : 0,
            "generated_by" : "ExtUtils::MakeMaker version 6.62, CPAN::Meta::Converter version 2.112150",
            "license" : [
               "perl_5"
            ],
            "meta-spec" : {
               "url" : "http://search.cpan.org/perldoc?CPAN::Meta::Spec",
               "version" : "2"
            },
            "name" : "ExtUtils-MakeMaker",
            "no_index" : {
               "directory" : [
                  "t",
                  "inc",
                  "bundled",
                  "my"
               ],
               "package" : [
                  "DynaLoader",
                  "in"
               ]
            },
            "prereqs" : {
               "build" : {
                  "requires" : {
                     "Data::Dumper" : 0
                  }
               },
               "configure" : {
                  "requires" : {}
               },
               "runtime" : {
                  "requires" : {
                     "DirHandle" : 0,
                     "File::Basename" : 0,
                     "File::Spec" : "0.8",
                     "Pod::Man" : 0,
                     "perl" : "5.006"
                  }
               }
            },
            "release_status" : "stable",
            "resources" : {
               "bugtracker" : {
                  "web" : "http://rt.cpan.org/NoAuth/Bugs.html?Dist=ExtUtils-MakeMaker"
               },
               "homepage" : "http://makemaker.org",
               "license" : [
                  "http://dev.perl.org/licenses/"
               ],
               "repository" : {
                  "url" : "http://github.com/Perl-Toolchain-Gang/ExtUtils-MakeMaker"
               },
               "x_MailingList" : "makemaker@perl.org"
            },
            "version" : "6.62"
         },
         "name" : "ExtUtils::MakeMaker",
         "pathname" : "M/MS/MSCHWERN/ExtUtils-MakeMaker-6.62.tar.gz",
         "provides" : {
            "DynaLoader" : {
               "file" : "ExtUtils/Mkbootstrap.pm"
            },
            "ExtUtils::Command::MM" : {
               "file" : "ExtUtils/Command/MM.pm",
               "version" : "6.62"
            },
            "ExtUtils::Liblist" : {
               "file" : "ExtUtils/Liblist.pm",
               "version" : "6.62"
            },
            "ExtUtils::Liblist::Kid" : {
               "file" : "ExtUtils/Liblist/Kid.pm",
               "version" : "6.62"
            },
            "ExtUtils::MM" : {
               "file" : "ExtUtils/MM.pm",
               "version" : "6.62"
            },
            "ExtUtils::MM_AIX" : {
               "file" : "ExtUtils/MM_AIX.pm",
               "version" : "6.62"
            },
            "ExtUtils::MM_Any" : {
               "file" : "ExtUtils/MM_Any.pm",
               "version" : "6.62"
            },
            "ExtUtils::MM_BeOS" : {
               "file" : "ExtUtils/MM_BeOS.pm",
               "version" : "6.62"
            },
            "ExtUtils::MM_Cygwin" : {
               "file" : "ExtUtils/MM_Cygwin.pm",
               "version" : "6.62"
            },
            "ExtUtils::MM_DOS" : {
               "file" : "ExtUtils/MM_DOS.pm",
               "version" : "6.62"
            },
            "ExtUtils::MM_Darwin" : {
               "file" : "ExtUtils/MM_Darwin.pm",
               "version" : "6.62"
            },
            "ExtUtils::MM_MacOS" : {
               "file" : "ExtUtils/MM_MacOS.pm",
               "version" : "6.62"
            },
            "ExtUtils::MM_NW5" : {
               "file" : "ExtUtils/MM_NW5.pm",
               "version" : "6.62"
            },
            "ExtUtils::MM_OS2" : {
               "file" : "ExtUtils/MM_OS2.pm",
               "version" : "6.62"
            },
            "ExtUtils::MM_QNX" : {
               "file" : "ExtUtils/MM_QNX.pm",
               "version" : "6.62"
            },
            "ExtUtils::MM_UWIN" : {
               "file" : "ExtUtils/MM_UWIN.pm",
               "version" : "6.62"
            },
            "ExtUtils::MM_Unix" : {
               "file" : "ExtUtils/MM_Unix.pm",
               "version" : "6.62"
            },
            "ExtUtils::MM_VMS" : {
               "file" : "ExtUtils/MM_VMS.pm",
               "version" : "6.62"
            },
            "ExtUtils::MM_VOS" : {
               "file" : "ExtUtils/MM_VOS.pm",
               "version" : "6.62"
            },
            "ExtUtils::MM_Win32" : {
               "file" : "ExtUtils/MM_Win32.pm",
               "version" : "6.62"
            },
            "ExtUtils::MM_Win95" : {
               "file" : "ExtUtils/MM_Win95.pm",
               "version" : "6.62"
            },
            "ExtUtils::MY" : {
               "file" : "ExtUtils/MY.pm",
               "version" : "6.62"
            },
            "ExtUtils::MakeMaker" : {
               "file" : "ExtUtils/MakeMaker.pm",
               "version" : "6.62"
            },
            "ExtUtils::MakeMaker::Config" : {
               "file" : "ExtUtils/MakeMaker/Config.pm",
               "version" : "6.62"
            },
            "ExtUtils::Mkbootstrap" : {
               "file" : "ExtUtils/Mkbootstrap.pm",
               "version" : "6.62"
            },
            "ExtUtils::Mksymlists" : {
               "file" : "ExtUtils/Mksymlists.pm",
               "version" : "6.62"
            },
            "ExtUtils::testlib" : {
               "file" : "ExtUtils/testlib.pm",
               "version" : "6.62"
            },
            "MM" : {
               "file" : "ExtUtils/MM.pm"
            },
            "MY" : {
               "file" : "ExtUtils/MakeMaker.pm"
            }
         },
         "version" : "6.62"
      },
      "Fluent::Logger" : {
         "dist" : "Fluent-Logger-0.04",
         "module" : "Fluent::Logger",
         "mymeta" : {
            "abstract" : "A structured event logger for Fluent",
            "author" : [
               "HIROSE Masaaki <hirose31 _at_ gmail.com>"
            ],
            "dynamic_config" : 0,
            "generated_by" : "Module::Install version 1.01, CPAN::Meta::Converter version 2.112150",
            "license" : [
               "perl_5"
            ],
            "meta-spec" : {
               "url" : "http://search.cpan.org/perldoc?CPAN::Meta::Spec",
               "version" : "2"
            },
            "name" : "Fluent-Logger",
            "no_index" : {
               "directory" : [
                  "inc",
                  "t",
                  "xt"
               ]
            },
            "prereqs" : {
               "build" : {
                  "requires" : {
                     "Capture::Tiny" : 0,
                     "ExtUtils::MakeMaker" : "6.42",
                     "Path::Class" : 0,
                     "Test::More" : "0.88",
                     "Test::SharedFork" : 0,
                     "Test::TCP" : "1.13"
                  }
               },
               "configure" : {
                  "requires" : {
                     "ExtUtils::MakeMaker" : "6.42"
                  }
               },
               "runtime" : {
                  "requires" : {
                     "Data::MessagePack" : "0.35_01",
                     "Mouse" : 0,
                     "Time::Piece" : 0
                  }
               }
            },
            "release_status" : "stable",
            "resources" : {
               "license" : [
                  "http://dev.perl.org/licenses/"
               ],
               "repository" : {
                  "url" : "https://github.com/fluent/fluent-logger-perl"
               }
            },
            "version" : "0.04"
         },
         "name" : "Fluent::Logger",
         "pathname" : "F/FU/FUJIWARA/Fluent-Logger-0.04.tar.gz",
         "provides" : {
            "Fluent::Logger" : {
               "file" : "Fluent/Logger.pm",
               "version" : "0.04"
            }
         },
         "version" : "0.04"
      },
      "Mouse" : {
         "dist" : "Mouse-0.97",
         "module" : "Mouse",
         "mymeta" : {
            "abstract" : "Moose minus the antlers",
            "author" : [
               "Shawn M Moore <sartak at gmail.com>"
            ],
            "dynamic_config" : 0,
            "generated_by" : "Module::Install version 1.02, CPAN::Meta::Converter version 2.112150",
            "license" : [
               "perl_5"
            ],
            "meta-spec" : {
               "url" : "http://search.cpan.org/perldoc?CPAN::Meta::Spec",
               "version" : "2"
            },
            "name" : "Mouse",
            "no_index" : {
               "directory" : [
                  "example",
                  "inc",
                  "t",
                  "xt"
               ]
            },
            "prereqs" : {
               "build" : {
                  "requires" : {
                     "Devel::PPPort" : "3.19",
                     "ExtUtils::MakeMaker" : "6.42",
                     "ExtUtils::ParseXS" : "2.21",
                     "Test::More" : "0.88"
                  }
               },
               "configure" : {
                  "requires" : {
                     "Devel::PPPort" : "3.19",
                     "ExtUtils::MakeMaker" : "6.42",
                     "ExtUtils::ParseXS" : "2.21"
                  }
               },
               "runtime" : {
                  "requires" : {
                     "Scalar::Util" : "1.14",
                     "XSLoader" : "0.02",
                     "perl" : "5.006002"
                  }
               }
            },
            "release_status" : "stable",
            "resources" : {
               "license" : [
                  "http://dev.perl.org/licenses/"
               ],
               "repository" : {
                  "type" : "git",
                  "url" : "git://git.moose.perl.org/Mouse.git"
               }
            },
            "version" : "0.97",
            "x_module_name" : "Mouse"
         },
         "name" : "Mouse",
         "pathname" : "G/GF/GFUJI/Mouse-0.97.tar.gz",
         "provides" : {
            "Mouse" : {
               "file" : "Mouse.pm",
               "version" : "0.97"
            },
            "Mouse::Exporter" : {
               "file" : "Mouse/Exporter.pm"
            },
            "Mouse::Meta::Attribute" : {
               "file" : "Mouse/Meta/Attribute.pm"
            },
            "Mouse::Meta::Class" : {
               "file" : "Mouse/Meta/Class.pm"
            },
            "Mouse::Meta::Method" : {
               "file" : "Mouse/Meta/Method.pm"
            },
            "Mouse::Meta::Method::Accessor" : {
               "file" : "Mouse/Meta/Method/Accessor.pm"
            },
            "Mouse::Meta::Method::Constructor" : {
               "file" : "Mouse/Meta/Method/Constructor.pm"
            },
            "Mouse::Meta::Method::Delegation" : {
               "file" : "Mouse/Meta/Method/Delegation.pm"
            },
            "Mouse::Meta::Method::Destructor" : {
               "file" : "Mouse/Meta/Method/Destructor.pm"
            },
            "Mouse::Meta::Module" : {
               "file" : "Mouse/Meta/Module.pm"
            },
            "Mouse::Meta::Role" : {
               "file" : "Mouse/Meta/Role.pm"
            },
            "Mouse::Meta::Role::Application" : {
               "file" : "Mouse/Meta/Role/Application.pm"
            },
            "Mouse::Meta::Role::Application::RoleSummation" : {
               "file" : "Mouse/Tiny.pm"
            },
            "Mouse::Meta::Role::Composite" : {
               "file" : "Mouse/Meta/Role/Composite.pm"
            },
            "Mouse::Meta::Role::Method" : {
               "file" : "Mouse/Meta/Role/Method.pm"
            },
            "Mouse::Meta::TypeConstraint" : {
               "file" : "Mouse/Meta/TypeConstraint.pm"
            },
            "Mouse::Object" : {
               "file" : "Mouse/Object.pm"
            },
            "Mouse::PurePerl" : {
               "file" : "Mouse/PurePerl.pm"
            },
            "Mouse::Role" : {
               "file" : "Mouse/Role.pm",
               "version" : "0.97"
            },
            "Mouse::Spec" : {
               "file" : "Mouse/Spec.pm",
               "version" : "0.97"
            },
            "Mouse::Tiny" : {
               "file" : "Mouse/Tiny.pm",
               "version" : "0.97"
            },
            "Mouse::TypeRegistry" : {
               "file" : "Mouse/TypeRegistry.pm"
            },
            "Mouse::Util" : {
               "file" : "Mouse/Util.pm",
               "version" : "0.97"
            },
            "Mouse::Util::MetaRole" : {
               "file" : "Mouse/Util/MetaRole.pm"
            },
            "Mouse::Util::TypeConstraints" : {
               "file" : "Mouse/Util/TypeConstraints.pm"
            },
            "Squirrel" : {
               "file" : "Squirrel.pm"
            },
            "Squirrel::Role" : {
               "file" : "Squirrel/Role.pm"
            },
            "Test::Mouse" : {
               "file" : "Test/Mouse.pm"
            },
            "ouse" : {
               "file" : "ouse.pm"
            }
         },
         "version" : "0.97"
      },
      "Path::Class" : {
         "dist" : "Path-Class-0.25",
         "module" : "Path::Class",
         "mymeta" : {
            "abstract" : "Cross-platform path specification manipulation",
            "author" : [
               "Ken Williams <kwilliams@cpan.org>"
            ],
            "dynamic_config" : 0,
            "generated_by" : "Module::Build version 0.38, CPAN::Meta::Converter version 2.112150",
            "license" : [
               "perl_5"
            ],
            "meta-spec" : {
               "url" : "http://search.cpan.org/perldoc?CPAN::Meta::Spec",
               "version" : "2"
            },
            "name" : "Path-Class",
            "prereqs" : {
               "build" : {
                  "requires" : {
                     "Module::Build" : "0.3601",
                     "Test" : 0,
                     "Test::More" : 0,
                     "warnings" : 0
                  }
               },
               "configure" : {
                  "requires" : {
                     "ExtUtils::MakeMaker" : "6.30",
                     "Module::Build" : "0.3601"
                  }
               },
               "runtime" : {
                  "requires" : {
                     "Carp" : 0,
                     "Cwd" : 0,
                     "Exporter" : 0,
                     "File::Path" : 0,
                     "File::Spec" : "0.87",
                     "File::Temp" : 0,
                     "File::stat" : 0,
                     "IO::Dir" : 0,
                     "IO::File" : 0,
                     "base" : 0,
                     "overload" : 0,
                     "strict" : 0
                  }
               }
            },
            "release_status" : "stable",
            "resources" : {
               "bugtracker" : {
                  "web" : "http://rt.cpan.org/Public/Dist/Display.html?Name=Path-Class"
               },
               "repository" : {
                  "type" : "git",
                  "url" : "git://github.com/kenahoo/Path-Class.git"
               }
            },
            "version" : "0.25"
         },
         "name" : "Path::Class",
         "pathname" : "K/KW/KWILLIAMS/Path-Class-0.25.tar.gz",
         "provides" : {
            "Path::Class" : {
               "file" : "Path/Class.pm",
               "version" : "0.25"
            },
            "Path::Class::Dir" : {
               "file" : "Path/Class/Dir.pm",
               "version" : "0.25"
            },
            "Path::Class::Entity" : {
               "file" : "Path/Class/Entity.pm",
               "version" : "0.25"
            },
            "Path::Class::File" : {
               "file" : "Path/Class/File.pm",
               "version" : "0.25"
            }
         },
         "version" : "0.25"
      },
      "Test::Requires" : {
         "dist" : "Test-Requires-0.06",
         "module" : "Test::Requires",
         "mymeta" : {
            "abstract" : "Checks to see if the module can be loaded",
            "author" : [
               "Tokuhiro Matsuno <tokuhirom @*(#RJKLFHFSDLJF gmail.com>"
            ],
            "dynamic_config" : 0,
            "generated_by" : "Module::Install version 1.00, CPAN::Meta::Converter version 2.112150",
            "license" : [
               "perl_5"
            ],
            "meta-spec" : {
               "url" : "http://search.cpan.org/perldoc?CPAN::Meta::Spec",
               "version" : "2"
            },
            "name" : "Test-Requires",
            "no_index" : {
               "directory" : [
                  "inc",
                  "t",
                  "xt"
               ]
            },
            "prereqs" : {
               "build" : {
                  "requires" : {
                     "ExtUtils::MakeMaker" : "6.42"
                  }
               },
               "configure" : {
                  "requires" : {
                     "ExtUtils::MakeMaker" : "6.42"
                  }
               },
               "runtime" : {
                  "requires" : {
                     "Test::More" : "0.61",
                     "perl" : "5.006"
                  }
               }
            },
            "release_status" : "stable",
            "resources" : {
               "license" : [
                  "http://dev.perl.org/licenses/"
               ]
            },
            "version" : "0.06"
         },
         "name" : "Test::Requires",
         "pathname" : "T/TO/TOKUHIROM/Test-Requires-0.06.tar.gz",
         "provides" : {
            "Test::Requires" : {
               "file" : "Test/Requires.pm",
               "version" : "0.06"
            }
         },
         "version" : "0.06"
      },
      "Test::SharedFork" : {
         "dist" : "Test-SharedFork-0.20",
         "module" : "Test::SharedFork",
         "mymeta" : {
            "abstract" : "fork test",
            "author" : [
               "Tokuhiro Matsuno <tokuhirom  slkjfd gmail.com>"
            ],
            "dynamic_config" : 0,
            "generated_by" : "Module::Install version 1.03, CPAN::Meta::Converter version 2.112150",
            "license" : [
               "perl_5"
            ],
            "meta-spec" : {
               "url" : "http://search.cpan.org/perldoc?CPAN::Meta::Spec",
               "version" : "2"
            },
            "name" : "Test-SharedFork",
            "no_index" : {
               "directory" : [
                  "inc",
                  "t",
                  "xt"
               ]
            },
            "prereqs" : {
               "build" : {
                  "requires" : {
                     "App::Prove" : 0,
                     "ExtUtils::MakeMaker" : "6.42",
                     "Test::Requires" : 0,
                     "Time::HiRes" : 0
                  }
               },
               "configure" : {
                  "requires" : {
                     "ExtUtils::MakeMaker" : "6.42"
                  }
               },
               "runtime" : {
                  "requires" : {
                     "Test::More" : "0.88",
                     "perl" : "5.008"
                  }
               }
            },
            "release_status" : "stable",
            "resources" : {
               "license" : [
                  "http://dev.perl.org/licenses/"
               ]
            },
            "version" : "0.20"
         },
         "name" : "Test::SharedFork",
         "pathname" : "T/TO/TOKUHIROM/Test-SharedFork-0.20.tar.gz",
         "provides" : {
            "Test::SharedFork" : {
               "file" : "Test/SharedFork.pm",
               "version" : "0.20"
            },
            "Test::SharedFork::Array" : {
               "file" : "Test/SharedFork/Array.pm"
            },
            "Test::SharedFork::Scalar" : {
               "file" : "Test/SharedFork/Scalar.pm"
            },
            "Test::SharedFork::Store" : {
               "file" : "Test/SharedFork/Store.pm"
            }
         },
         "version" : "0.20"
      },
      "Test::TCP" : {
         "dist" : "Test-TCP-1.15",
         "module" : "Test::TCP",
         "mymeta" : {
            "abstract" : "testing TCP program",
            "author" : [
               "Tokuhiro Matsuno <tokuhirom@gmail.com>"
            ],
            "dynamic_config" : 0,
            "generated_by" : "Module::Install version 1.03, CPAN::Meta::Converter version 2.112150",
            "license" : [
               "perl_5"
            ],
            "meta-spec" : {
               "url" : "http://search.cpan.org/perldoc?CPAN::Meta::Spec",
               "version" : "2"
            },
            "name" : "Test-TCP",
            "no_index" : {
               "directory" : [
                  "inc",
                  "t",
                  "xt"
               ]
            },
            "prereqs" : {
               "build" : {
                  "requires" : {
                     "ExtUtils::MakeMaker" : "6.42",
                     "Test::More" : "0.98"
                  }
               },
               "configure" : {
                  "requires" : {
                     "ExtUtils::MakeMaker" : "6.42"
                  }
               },
               "runtime" : {
                  "requires" : {
                     "IO::Socket::INET" : 0,
                     "Test::SharedFork" : "0.19",
                     "perl" : "5.00800"
                  }
               }
            },
            "release_status" : "stable",
            "resources" : {
               "license" : [
                  "http://dev.perl.org/licenses/"
               ]
            },
            "version" : "1.15"
         },
         "name" : "Test::TCP",
         "pathname" : "T/TO/TOKUHIROM/Test-TCP-1.15.tar.gz",
         "provides" : {
            "Test::TCP" : {
               "file" : "Test/TCP.pm",
               "version" : "1.15"
            }
         },
         "version" : "1.15"
      }
   },
   "version" : "0.9"
}
